
Microsoft Visual Studio Solution File, Format Version 12.00
# Visual Studio Version 17
VisualStudioVersion = 17.1.32407.343
MinimumVisualStudioVersion = 10.0.40219.1
Project("{FAE04EC0-301F-11D3-BF4B-00C04F79EFBC}") = "WebCrawler", "WebCrawler\WebCrawler.csproj", "{43EAE37B-8D1B-4243-8182-AF7E97CDEF46}"
EndProject
Project("{FAE04EC0-301F-11D3-BF4B-00C04F79EFBC}") = "Test", "Test\Test.csproj", "{F350D682-5416-4EDE-B0B7-2B9A60CA9950}"
EndProject
Global
	GlobalSection(SolutionConfigurationPlatforms) = preSolution
		Debug|Any CPU = Debug|Any CPU
		Release|Any CPU = Release|Any CPU
	EndGlobalSection
	GlobalSection(ProjectConfigurationPlatforms) = postSolution
		{43EAE37B-8D1B-4243-8182-AF7E97CDEF46}.Debug|Any CPU.ActiveCfg = Debug|Any CPU
		{43EAE37B-8D1B-4243-8182-AF7E97CDEF46}.Debug|Any CPU.Build.0 = Debug|Any CPU
		{43EAE37B-8D1B-4243-8182-AF7E97CDEF46}.Release|Any CPU.ActiveCfg = Release|Any CPU
		{43EAE37B-8D1B-4243-8182-AF7E97CDEF46}.Release|Any CPU.Build.0 = Release|Any CPU
		{F350D682-5416-4EDE-B0B7-2B9A60CA9950}.Debug|Any CPU.ActiveCfg = Debug|Any CPU
		{F350D682-5416-4EDE-B0B7-2B9A60CA9950}.Debug|Any CPU.Build.0 = Debug|Any CPU
		{F350D682-5416-4EDE-B0B7-2B9A60CA9950}.Release|Any CPU.ActiveCfg = Release|Any CPU
		{F350D682-5416-4EDE-B0B7-2B9A60CA9950}.Release|Any CPU.Build.0 = Release|Any CPU
	EndGlobalSection
	GlobalSection(SolutionProperties) = preSolution
		HideSolutionNode = FALSE
	EndGlobalSection
	GlobalSection(ExtensibilityGlobals) = postSolution
		SolutionGuid = {BF42733F-6248-433D-9BFF-2E91744ADDA0}
	EndGlobalSection
EndGlobal
